
Microsoft Visual Studio Solution File, Format Version 12.00
# Visual Studio 15
VisualStudioVersion = 15.0.28307.1758
MinimumVisualStudioVersion = 10.0.40219.1
Project("{FAE04EC0-301F-11D3-BF4B-00C04F79EFBC}") = "QuanLyChungCu", "QuanLyChungCu\QuanLyChungCu.csproj", "{7533D8A5-5DB7-4A10-B965-B3F97A4244A5}"
EndProject
Global
	GlobalSection(SolutionConfigurationPlatforms) = preSolution
		Debug|Any CPU = Debug|Any CPU
		Release|Any CPU = Release|Any CPU
	EndGlobalSection
	GlobalSection(ProjectConfigurationPlatforms) = postSolution
		{7533D8A5-5DB7-4A10-B965-B3F97A4244A5}.Debug|Any CPU.ActiveCfg = Debug|Any CPU
		{7533D8A5-5DB7-4A10-B965-B3F97A4244A5}.Debug|Any CPU.Build.0 = Debug|Any CPU
		{7533D8A5-5DB7-4A10-B965-B3F97A4244A5}.Release|Any CPU.ActiveCfg = Release|Any CPU
		{7533D8A5-5DB7-4A10-B965-B3F97A4244A5}.Release|Any CPU.Build.0 = Release|Any CPU
	EndGlobalSection
	GlobalSection(SolutionProperties) = preSolution
		HideSolutionNode = FALSE
	EndGlobalSection
	GlobalSection(ExtensibilityGlobals) = postSolution
		SolutionGuid = {7AB5CCB7-EA58-4884-824F-1F366D2D1871}
	EndGlobalSection
EndGlobal
